// !$*UTF8*$!
{
	archiveVersion = 1;
	classes = {
	};
	objectVersion = 51;
	objects = {

/* Begin PBXBuildFile section */
		487DE5D42D83F74248867D8C /* Pods_Message_Me.framework in Frameworks */ = {isa = PBXBuildFile; fileRef = 20BDF5CC983657C7D6FF89A8 /* Pods_Message_Me.framework */; };
		9D1078E324CBAC5F00A9C83F /* LoginViewController.swift in Sources */ = {isa = PBXBuildFile; fileRef = 9D1078E124CBAC5F00A9C83F /* LoginViewController.swift */; };
		9D1078E624CBAE1100A9C83F /* RegisterViewController.swift in Sources */ = {isa = PBXBuildFile; fileRef = 9D1078E524CBAE1100A9C83F /* RegisterViewController.swift */; };
		9D1078E824CBAEBE00A9C83F /* ChatViewController.swift in Sources */ = {isa = PBXBuildFile; fileRef = 9D1078E724CBAEBE00A9C83F /* ChatViewController.swift */; };
		9D2B916524CD058400A729DD /* GoogleService-Info.plist in Resources */ = {isa = PBXBuildFile; fileRef = 9D2B916424CD058400A729DD /* GoogleService-Info.plist */; };
		9D3E2FB824C9CB17002144FC /* AppDelegate.swift in Sources */ = {isa = PBXBuildFile; fileRef = 9D3E2FB724C9CB17002144FC /* AppDelegate.swift */; };
		9D3E2FBA24C9CB17002144FC /* SceneDelegate.swift in Sources */ = {isa = PBXBuildFile; fileRef = 9D3E2FB924C9CB17002144FC /* SceneDelegate.swift */; };
		9D3E2FBC24C9CB17002144FC /* ViewController.swift in Sources */ = {isa = PBXBuildFile; fileRef = 9D3E2FBB24C9CB17002144FC /* ViewController.swift */; };
		9D3E2FBF24C9CB17002144FC /* Main.storyboard in Resources */ = {isa = PBXBuildFile; fileRef = 9D3E2FBD24C9CB17002144FC /* Main.storyboard */; };
		9D3E2FC124C9CB19002144FC /* Assets.xcassets in Resources */ = {isa = PBXBuildFile; fileRef = 9D3E2FC024C9CB19002144FC /* Assets.xcassets */; };
		9D3E2FC424C9CB19002144FC /* LaunchScreen.storyboard in Resources */ = {isa = PBXBuildFile; fileRef = 9D3E2FC224C9CB19002144FC /* LaunchScreen.storyboard */; };
/* End PBXBuildFile section */

/* Begin PBXFileReference section */
		20BDF5CC983657C7D6FF89A8 /* Pods_Message_Me.framework */ = {isa = PBXFileReference; explicitFileType = wrapper.framework; includeInIndex = 0; path = Pods_Message_Me.framework; sourceTree = BUILT_PRODUCTS_DIR; };
		6B8E6F290E0BFDD88C7CB88B /* Pods-Message Me.release.xcconfig */ = {isa = PBXFileReference; includeInIndex = 1; lastKnownFileType = text.xcconfig; name = "Pods-Message Me.release.xcconfig"; path = "Target Support Files/Pods-Message Me/Pods-Message Me.release.xcconfig"; sourceTree = "<group>"; };
		797617E5D7FAC54EBCA4E2E0 /* Pods-Message Me.debug.xcconfig */ = {isa = PBXFileReference; includeInIndex = 1; lastKnownFileType = text.xcconfig; name = "Pods-Message Me.debug.xcconfig"; path = "Target Support Files/Pods-Message Me/Pods-Message Me.debug.xcconfig"; sourceTree = "<group>"; };
		9D1078E124CBAC5F00A9C83F /* LoginViewController.swift */ = {isa = PBXFileReference; lastKnownFileType = sourcecode.swift; path = LoginViewController.swift; sourceTree = "<group>"; };
		9D1078E524CBAE1100A9C83F /* RegisterViewController.swift */ = {isa = PBXFileReference; lastKnownFileType = sourcecode.swift; path = RegisterViewController.swift; sourceTree = "<group>"; };
		9D1078E724CBAEBE00A9C83F /* ChatViewController.swift */ = {isa = PBXFileReference; lastKnownFileType = sourcecode.swift; path = ChatViewController.swift; sourceTree = "<group>"; };
		9D2B916424CD058400A729DD /* GoogleService-Info.plist */ = {isa = PBXFileReference; fileEncoding = 4; lastKnownFileType = text.plist.xml; path = "GoogleService-Info.plist"; sourceTree = "<group>"; };
		9D3E2FB424C9CB17002144FC /* Message Me.app */ = {isa = PBXFileReference; explicitFileType = wrapper.application; includeInIndex = 0; path = "Message Me.app"; sourceTree = BUILT_PRODUCTS_DIR; };
		9D3E2FB724C9CB17002144FC /* AppDelegate.swift */ = {isa = PBXFileReference; lastKnownFileType = sourcecode.swift; path = AppDelegate.swift; sourceTree = "<group>"; };
		9D3E2FB924C9CB17002144FC /* SceneDelegate.swift */ = {isa = PBXFileReference; lastKnownFileType = sourcecode.swift; path = SceneDelegate.swift; sourceTree = "<group>"; };
		9D3E2FBB24C9CB17002144FC /* ViewController.swift */ = {isa = PBXFileReference; lastKnownFileType = sourcecode.swift; path = ViewController.swift; sourceTree = "<group>"; };
		9D3E2FBE24C9CB17002144FC /* Base */ = {isa = PBXFileReference; lastKnownFileType = file.storyboard; name = Base; path = Base.lproj/Main.storyboard; sourceTree = "<group>"; };
		9D3E2FC024C9CB19002144FC /* Assets.xcassets */ = {isa = PBXFileReference; lastKnownFileType = folder.assetcatalog; path = Assets.xcassets; sourceTree = "<group>"; };
		9D3E2FC324C9CB19002144FC /* Base */ = {isa = PBXFileReference; lastKnownFileType = file.storyboard; name = Base; path = Base.lproj/LaunchScreen.storyboard; sourceTree = "<group>"; };
		9D3E2FC524C9CB19002144FC /* Info.plist */ = {isa = PBXFileReference; lastKnownFileType = text.plist.xml; path = Info.plist; sourceTree = "<group>"; };
/* End PBXFileReference section */

/* Begin PBXFrameworksBuildPhase section */
		9D3E2FB124C9CB17002144FC /* Frameworks */ = {
			isa = PBXFrameworksBuildPhase;
			buildActionMask = 2147483647;
			files = (
				487DE5D42D83F74248867D8C /* Pods_Message_Me.framework in Frameworks */,
			);
			runOnlyForDeploymentPostprocessing = 0;
		};
/* End PBXFrameworksBuildPhase section */

/* Begin PBXGroup section */
		2A71457DE3DC5E28FBE5E276 /* Pods */ = {
			isa = PBXGroup;
			children = (
				797617E5D7FAC54EBCA4E2E0 /* Pods-Message Me.debug.xcconfig */,
				6B8E6F290E0BFDD88C7CB88B /* Pods-Message Me.release.xcconfig */,
			);
			path = Pods;
			sourceTree = "<group>";
		};
		9D1078DE24CB90BD00A9C83F /* View */ = {
			isa = PBXGroup;
			children = (
				9D3E2FBD24C9CB17002144FC /* Main.storyboard */,
			);
			path = View;
			sourceTree = "<group>";
		};
		9D1078DF24CB90D900A9C83F /* Controller */ = {
			isa = PBXGroup;
			children = (
				9D3E2FBB24C9CB17002144FC /* ViewController.swift */,
				9D1078E124CBAC5F00A9C83F /* LoginViewController.swift */,
				9D1078E524CBAE1100A9C83F /* RegisterViewController.swift */,
				9D1078E724CBAEBE00A9C83F /* ChatViewController.swift */,
			);
			path = Controller;
			sourceTree = "<group>";
		};
		9D1078E024CB90FB00A9C83F /* Model */ = {
			isa = PBXGroup;
			children = (
			);
			path = Model;
			sourceTree = "<group>";
		};
		9D3E2FAB24C9CB17002144FC = {
			isa = PBXGroup;
			children = (
				9D3E2FB624C9CB17002144FC /* Message Me */,
				9D3E2FB524C9CB17002144FC /* Products */,
				2A71457DE3DC5E28FBE5E276 /* Pods */,
				A1B526FCB9E4E857A1A42A75 /* Frameworks */,
			);
			sourceTree = "<group>";
		};
		9D3E2FB524C9CB17002144FC /* Products */ = {
			isa = PBXGroup;
			children = (
				9D3E2FB424C9CB17002144FC /* Message Me.app */,
			);
			name = Products;
			sourceTree = "<group>";
		};
		9D3E2FB624C9CB17002144FC /* Message Me */ = {
			isa = PBXGroup;
			children = (
				9D1078E024CB90FB00A9C83F /* Model */,
				9D1078DE24CB90BD00A9C83F /* View */,
				9D1078DF24CB90D900A9C83F /* Controller */,
				9D3E2FB724C9CB17002144FC /* AppDelegate.swift */,
				9D3E2FB924C9CB17002144FC /* SceneDelegate.swift */,
				9D3E2FC024C9CB19002144FC /* Assets.xcassets */,
				9D3E2FC224C9CB19002144FC /* LaunchScreen.storyboard */,
				9D3E2FC524C9CB19002144FC /* Info.plist */,
				9D2B916424CD058400A729DD /* GoogleService-Info.plist */,
			);
			path = "Message Me";
			sourceTree = "<group>";
		};
		A1B526FCB9E4E857A1A42A75 /* Frameworks */ = {
			isa = PBXGroup;
			children = (
				20BDF5CC983657C7D6FF89A8 /* Pods_Message_Me.framework */,
			);
			name = Frameworks;
			sourceTree = "<group>";
		};
/* End PBXGroup section */

/* Begin PBXNativeTarget section */
		9D3E2FB324C9CB17002144FC /* Message Me */ = {
			isa = PBXNativeTarget;
			buildConfigurationList = 9D3E2FC824C9CB19002144FC /* Build configuration list for PBXNativeTarget "Message Me" */;
			buildPhases = (
				0550D1C0BCA5B44C37B7138D /* [CP] Check Pods Manifest.lock */,
				9D3E2FB024C9CB17002144FC /* Sources */,
				9D3E2FB124C9CB17002144FC /* Frameworks */,
				9D3E2FB224C9CB17002144FC /* Resources */,
				50C6B2A4779ECA5412E537A2 /* [CP] Embed Pods Frameworks */,
			);
			buildRules = (
			);
			dependencies = (
			);
			name = "Message Me";
			productName = "Message Me";
			productReference = 9D3E2FB424C9CB17002144FC /* Message Me.app */;
			productType = "com.apple.product-type.application";
		};
/* End PBXNativeTarget section */

/* Begin PBXProject section */
		9D3E2FAC24C9CB17002144FC /* Project object */ = {
			isa = PBXProject;
			attributes = {
				LastSwiftUpdateCheck = 1160;
				LastUpgradeCheck = 1160;
				ORGANIZATIONNAME = "Sachin Khanal";
				TargetAttributes = {
					9D3E2FB324C9CB17002144FC = {
						CreatedOnToolsVersion = 11.6;
					};
				};
			};
			buildConfigurationList = 9D3E2FAF24C9CB17002144FC /* Build configuration list for PBXProject "Message Me" */;
			compatibilityVersion = "Xcode 9.3";
			developmentRegion = en;
			hasScannedForEncodings = 0;
			knownRegions = (
				en,
				Base,
			);
			mainGroup = 9D3E2FAB24C9CB17002144FC;
			productRefGroup = 9D3E2FB524C9CB17002144FC /* Products */;
			projectDirPath = "";
			projectRoot = "";
			targets = (
				9D3E2FB324C9CB17002144FC /* Message Me */,
			);
		};
/* End PBXProject section */

/* Begin PBXResourcesBuildPhase section */
		9D3E2FB224C9CB17002144FC /* Resources */ = {
			isa = PBXResourcesBuildPhase;
			buildActionMask = 2147483647;
			files = (
				9D3E2FC424C9CB19002144FC /* LaunchScreen.storyboard in Resources */,
				9D2B916524CD058400A729DD /* GoogleService-Info.plist in Resources */,
				9D3E2FC124C9CB19002144FC /* Assets.xcassets in Resources */,
				9D3E2FBF24C9CB17002144FC /* Main.storyboard in Resources */,
			);
			runOnlyForDeploymentPostprocessing = 0;
		};
/* End PBXResourcesBuildPhase section */

/* Begin PBXShellScriptBuildPhase section */
		0550D1C0BCA5B44C37B7138D /* [CP] Check Pods Manifest.lock */ = {
			isa = PBXShellScriptBuildPhase;
			buildActionMask = 2147483647;
			files = (
			);
			inputFileListPaths = (
			);
			inputPaths = (
				"${PODS_PODFILE_DIR_PATH}/Podfile.lock",
				"${PODS_ROOT}/Manifest.lock",
			);
			name = "[CP] Check Pods Manifest.lock";
			outputFileListPaths = (
			);
			outputPaths = (
				"$(DERIVED_FILE_DIR)/Pods-Message Me-checkManifestLockResult.txt",
			);
			runOnlyForDeploymentPostprocessing = 0;
			shellPath = /bin/sh;
			shellScript = "diff \"${PODS_PODFILE_DIR_PATH}/Podfile.lock\" \"${PODS_ROOT}/Manifest.lock\" > /dev/null\nif [ $? != 0 ] ; then\n    # print error to STDERR\n    echo \"error: The sandbox is not in sync with the Podfile.lock. Run 'pod install' or update your CocoaPods installation.\" >&2\n    exit 1\nfi\n# This output is used by Xcode 'outputs' to avoid re-running this script phase.\necho \"SUCCESS\" > \"${SCRIPT_OUTPUT_FILE_0}\"\n";
			showEnvVarsInLog = 0;
		};
		50C6B2A4779ECA5412E537A2 /* [CP] Embed Pods Frameworks */ = {
			isa = PBXShellScriptBuildPhase;
			buildActionMask = 2147483647;
			files = (
			);
			inputFileListPaths = (
				"${PODS_ROOT}/Target Support Files/Pods-Message Me/Pods-Message Me-frameworks-${CONFIGURATION}-input-files.xcfilelist",
			);
			name = "[CP] Embed Pods Frameworks";
			outputFileListPaths = (
				"${PODS_ROOT}/Target Support Files/Pods-Message Me/Pods-Message Me-frameworks-${CONFIGURATION}-output-files.xcfilelist",
			);
			runOnlyForDeploymentPostprocessing = 0;
			shellPath = /bin/sh;
			shellScript = "\"${PODS_ROOT}/Target Support Files/Pods-Message Me/Pods-Message Me-frameworks.sh\"\n";
			showEnvVarsInLog = 0;
		};
/* End PBXShellScriptBuildPhase section */

/* Begin PBXSourcesBuildPhase section */
		9D3E2FB024C9CB17002144FC /* Sources */ = {
			isa = PBXSourcesBuildPhase;
			buildActionMask = 2147483647;
			files = (
				9D1078E324CBAC5F00A9C83F /* LoginViewController.swift in Sources */,
				9D1078E624CBAE1100A9C83F /* RegisterViewController.swift in Sources */,
				9D3E2FBC24C9CB17002144FC /* ViewController.swift in Sources */,
				9D3E2FB824C9CB17002144FC /* AppDelegate.swift in Sources */,
				9D1078E824CBAEBE00A9C83F /* ChatViewController.swift in Sources */,
				9D3E2FBA24C9CB17002144FC /* SceneDelegate.swift in Sources */,
			);
			runOnlyForDeploymentPostprocessing = 0;
		};
/* End PBXSourcesBuildPhase section */

/* Begin PBXVariantGroup section */
		9D3E2FBD24C9CB17002144FC /* Main.storyboard */ = {
			isa = PBXVariantGroup;
			children = (
				9D3E2FBE24C9CB17002144FC /* Base */,
			);
			name = Main.storyboard;
			sourceTree = "<group>";
		};
		9D3E2FC224C9CB19002144FC /* LaunchScreen.storyboard */ = {
			isa = PBXVariantGroup;
			children = (
				9D3E2FC324C9CB19002144FC /* Base */,
			);
			name = LaunchScreen.storyboard;
			sourceTree = "<group>";
		};
/* End PBXVariantGroup section */

/* Begin XCBuildConfiguration section */
		9D3E2FC624C9CB19002144FC /* Debug */ = {
			isa = XCBuildConfiguration;
			buildSettings = {
				ALWAYS_SEARCH_USER_PATHS = NO;
				CLANG_ANALYZER_NONNULL = YES;
				CLANG_ANALYZER_NUMBER_OBJECT_CONVERSION = YES_AGGRESSIVE;
				CLANG_CXX_LANGUAGE_STANDARD = "gnu++14";
				CLANG_CXX_LIBRARY = "libc++";
				CLANG_ENABLE_MODULES = YES;
				CLANG_ENABLE_OBJC_ARC = YES;
				CLANG_ENABLE_OBJC_WEAK = YES;
				CLANG_WARN_BLOCK_CAPTURE_AUTORELEASING = YES;
				CLANG_WARN_BOOL_CONVERSION = YES;
				CLANG_WARN_COMMA = YES;
				CLANG_WARN_CONSTANT_CONVERSION = YES;
				CLANG_WARN_DEPRECATED_OBJC_IMPLEMENTATIONS = YES;
				CLANG_WARN_DIRECT_OBJC_ISA_USAGE = YES_ERROR;
				CLANG_WARN_DOCUMENTATION_COMMENTS = YES;
				CLANG_WARN_EMPTY_BODY = YES;
				CLANG_WARN_ENUM_CONVERSION = YES;
				CLANG_WARN_INFINITE_RECURSION = YES;
				CLANG_WARN_INT_CONVERSION = YES;
				CLANG_WARN_NON_LITERAL_NULL_CONVERSION = YES;
				CLANG_WARN_OBJC_IMPLICIT_RETAIN_SELF = YES;
				CLANG_WARN_OBJC_LITERAL_CONVERSION = YES;
				CLANG_WARN_OBJC_ROOT_CLASS = YES_ERROR;
				CLANG_WARN_RANGE_LOOP_ANALYSIS = YES;
				CLANG_WARN_STRICT_PROTOTYPES = YES;
				CLANG_WARN_SUSPICIOUS_MOVE = YES;
				CLANG_WARN_UNGUARDED_AVAILABILITY = YES_AGGRESSIVE;
				CLANG_WARN_UNREACHABLE_CODE = YES;
				CLANG_WARN__DUPLICATE_METHOD_MATCH = YES;
				COPY_PHASE_STRIP = NO;
				DEBUG_INFORMATION_FORMAT = dwarf;
				ENABLE_STRICT_OBJC_MSGSEND = YES;
				ENABLE_TESTABILITY = YES;
				GCC_C_LANGUAGE_STANDARD = gnu11;
				GCC_DYNAMIC_NO_PIC = NO;
				GCC_NO_COMMON_BLOCKS = YES;
				GCC_OPTIMIZATION_LEVEL = 0;
				GCC_PREPROCESSOR_DEFINITIONS = (
					"DEBUG=1",
					"$(inherited)",
				);
				GCC_WARN_64_TO_32_BIT_CONVERSION = YES;
				GCC_WARN_ABOUT_RETURN_TYPE = YES_ERROR;
				GCC_WARN_UNDECLARED_SELECTOR = YES;
				GCC_WARN_UNINITIALIZED_AUTOS = YES_AGGRESSIVE;
				GCC_WARN_UNUSED_FUNCTION = YES;
				GCC_WARN_UNUSED_VARIABLE = YES;
				IPHONEOS_DEPLOYMENT_TARGET = 13.6;
				MTL_ENABLE_DEBUG_INFO = INCLUDE_SOURCE;
				MTL_FAST_MATH = YES;
				ONLY_ACTIVE_ARCH = YES;
				SDKROOT = iphoneos;
				SWIFT_ACTIVE_COMPILATION_CONDITIONS = DEBUG;
				SWIFT_OPTIMIZATION_LEVEL = "-Onone";
			};
			name = Debug;
		};
		9D3E2FC724C9CB19002144FC /* Release */ = {
			isa = XCBuildConfiguration;
			buildSettings = {
				ALWAYS_SEARCH_USER_PATHS = NO;
				CLANG_ANALYZER_NONNULL = YES;
				CLANG_ANALYZER_NUMBER_OBJECT_CONVERSION = YES_AGGRESSIVE;
				CLANG_CXX_LANGUAGE_STANDARD = "gnu++14";
				CLANG_CXX_LIBRARY = "libc++";
				CLANG_ENABLE_MODULES = YES;
				CLANG_ENABLE_OBJC_ARC = YES;
				CLANG_ENABLE_OBJC_WEAK = YES;
				CLANG_WARN_BLOCK_CAPTURE_AUTORELEASING = YES;
				CLANG_WARN_BOOL_CONVERSION = YES;
				CLANG_WARN_COMMA = YES;
				CLANG_WARN_CONSTANT_CONVERSION = YES;
				CLANG_WARN_DEPRECATED_OBJC_IMPLEMENTATIONS = YES;
				CLANG_WARN_DIRECT_OBJC_ISA_USAGE = YES_ERROR;
				CLANG_WARN_DOCUMENTATION_COMMENTS = YES;
				CLANG_WARN_EMPTY_BODY = YES;
				CLANG_WARN_ENUM_CONVERSION = YES;
				CLANG_WARN_INFINITE_RECURSION = YES;
				CLANG_WARN_INT_CONVERSION = YES;
				CLANG_WARN_NON_LITERAL_NULL_CONVERSION = YES;
				CLANG_WARN_OBJC_IMPLICIT_RETAIN_SELF = YES;
				CLANG_WARN_OBJC_LITERAL_CONVERSION = YES;
				CLANG_WARN_OBJC_ROOT_CLASS = YES_ERROR;
				CLANG_WARN_RANGE_LOOP_ANALYSIS = YES;
				CLANG_WARN_STRICT_PROTOTYPES = YES;
				CLANG_WARN_SUSPICIOUS_MOVE = YES;
				CLANG_WARN_UNGUARDED_AVAILABILITY = YES_AGGRESSIVE;
				CLANG_WARN_UNREACHABLE_CODE = YES;
				CLANG_WARN__DUPLICATE_METHOD_MATCH = YES;
				COPY_PHASE_STRIP = NO;
				DEBUG_INFORMATION_FORMAT = "dwarf-with-dsym";
				ENABLE_NS_ASSERTIONS = NO;
				ENABLE_STRICT_OBJC_MSGSEND = YES;
				GCC_C_LANGUAGE_STANDARD = gnu11;
				GCC_NO_COMMON_BLOCKS = YES;
				GCC_WARN_64_TO_32_BIT_CONVERSION = YES;
				GCC_WARN_ABOUT_RETURN_TYPE = YES_ERROR;
				GCC_WARN_UNDECLARED_SELECTOR = YES;
				GCC_WARN_UNINITIALIZED_AUTOS = YES_AGGRESSIVE;
				GCC_WARN_UNUSED_FUNCTION = YES;
				GCC_WARN_UNUSED_VARIABLE = YES;
				IPHONEOS_DEPLOYMENT_TARGET = 13.6;
				MTL_ENABLE_DEBUG_INFO = NO;
				MTL_FAST_MATH = YES;
				SDKROOT = iphoneos;
				SWIFT_COMPILATION_MODE = wholemodule;
				SWIFT_OPTIMIZATION_LEVEL = "-O";
				VALIDATE_PRODUCT = YES;
			};
			name = Release;
		};
		9D3E2FC924C9CB19002144FC /* Debug */ = {
			isa = XCBuildConfiguration;
			baseConfigurationReference = 797617E5D7FAC54EBCA4E2E0 /* Pods-Message Me.debug.xcconfig */;
			buildSettings = {
				ASSETCATALOG_COMPILER_APPICON_NAME = AppIcon;
				CODE_SIGN_STYLE = Automatic;
				DEVELOPMENT_TEAM = 7JQZ4GPTEQ;
				INFOPLIST_FILE = "Message Me/Info.plist";
				IPHONEOS_DEPLOYMENT_TARGET = 13.0;
				LD_RUNPATH_SEARCH_PATHS = (
					"$(inherited)",
					"@executable_path/Frameworks",
				);
				PRODUCT_BUNDLE_IDENTIFIER = "com.sackhanaal.Message-Me";
				PRODUCT_NAME = "$(TARGET_NAME)";
				SWIFT_VERSION = 5.0;
				TARGETED_DEVICE_FAMILY = "1,2";
			};
			name = Debug;
		};
		9D3E2FCA24C9CB19002144FC /* Release */ = {
			isa = XCBuildConfiguration;
			baseConfigurationReference = 6B8E6F290E0BFDD88C7CB88B /* Pods-Message Me.release.xcconfig */;
			buildSettings = {
				ASSETCATALOG_COMPILER_APPICON_NAME = AppIcon;
				CODE_SIGN_STYLE = Automatic;
				DEVELOPMENT_TEAM = 7JQZ4GPTEQ;
				INFOPLIST_FILE = "Message Me/Info.plist";
				IPHONEOS_DEPLOYMENT_TARGET = 13.0;
				LD_RUNPATH_SEARCH_PATHS = (
					"$(inherited)",
					"@executable_path/Frameworks",
				);
				PRODUCT_BUNDLE_IDENTIFIER = "com.sackhanaal.Message-Me";
				PRODUCT_NAME = "$(TARGET_NAME)";
				SWIFT_VERSION = 5.0;
				TARGETED_DEVICE_FAMILY = "1,2";
			};
			name = Release;
		};
/* End XCBuildConfiguration section */

/* Begin XCConfigurationList section */
		9D3E2FAF24C9CB17002144FC /* Build configuration list for PBXProject "Message Me" */ = {
			isa = XCConfigurationList;
			buildConfigurations = (
				9D3E2FC624C9CB19002144FC /* Debug */,
				9D3E2FC724C9CB19002144FC /* Release */,
			);
			defaultConfigurationIsVisible = 0;
			defaultConfigurationName = Release;
		};
		9D3E2FC824C9CB19002144FC /* Build configuration list for PBXNativeTarget "Message Me" */ = {
			isa = XCConfigurationList;
			buildConfigurations = (
				9D3E2FC924C9CB19002144FC /* Debug */,
				9D3E2FCA24C9CB19002144FC /* Release */,
			);
			defaultConfigurationIsVisible = 0;
			defaultConfigurationName = Release;
		};
/* End XCConfigurationList section */
	};
	rootObject = 9D3E2FAC24C9CB17002144FC /* Project object */;
}
